<?xml version="1.0" encoding="utf-8"?>
<Project ToolsVersion="4.0" xmlns="http://schemas.microsoft.com/developer/msbuild/2003">
  <ItemGroup>
    <Filter Include="Source Files">
      <UniqueIdentifier>{4FC737F1-C7A5-4376-A066-2A32D752A2FF}</UniqueIdentifier>
      <Extensions>cpp;c;cc;cxx;c++;cppm;ixx;def;odl;idl;hpj;bat;asm;asmx</Extensions>
    </Filter>
    <Filter Include="Header Files">
      <UniqueIdentifier>{93995380-89BD-4b04-88EB-625FBE52EBFB}</UniqueIdentifier>
      <Extensions>h;hh;hpp;hxx;h++;hm;inl;inc;ipp;xsd</Extensions>
    </Filter>
    <Filter Include="Resource Files">
      <UniqueIdentifier>{67DA6AB6-F800-4c08-8B7A-83BB121AAD01}</UniqueIdentifier>
      <Extensions>rc;ico;cur;bmp;dlg;rc2;rct;bin;rgs;gif;jpg;jpeg;jpe;resx;tiff;tif;png;wav;mfcribbon-ms</Extensions>
    </Filter>
    <Filter Include="Source Files\MiniGame">
      <UniqueIdentifier>{50fde8f8-8479-4cc8-a248-2fa91f57016e}</UniqueIdentifier>
    </Filter>
    <Filter Include="Source Files\Platforming">
      <UniqueIdentifier>{c5a3b310-eb8f-43d5-93f1-d74a6d650fe6}</UniqueIdentifier>
    </Filter>
    <Filter Include="Source Files\Platforming\PlatformingEntities">
      <UniqueIdentifier>{6616b0bf-4c38-4189-9a44-179e26c6e2df}</UniqueIdentifier>
    </Filter>
    <Filter Include="Source Files\Structural">
      <UniqueIdentifier>{e66d1dcf-f043-4b9d-8cdb-5e62f1754de4}</UniqueIdentifier>
    </Filter>
    <Filter Include="Source Files\Platforming\Movement">
      <UniqueIdentifier>{f80ed8d2-b4f7-470f-93e1-22bccaa4f4d2}</UniqueIdentifier>
    </Filter>
    <Filter Include="Source Files\MiniGame\Attack">
      <UniqueIdentifier>{1c887999-cd89-4a31-9870-619b3369e8ee}</UniqueIdentifier>
    </Filter>
    <Filter Include="Source Files\MiniGame\Character">
      <UniqueIdentifier>{8e40a890-99aa-4a62-98a2-81225ab536d0}</UniqueIdentifier>
    </Filter>
    <Filter Include="Source Files\MiniGame\Tile">
      <UniqueIdentifier>{8b4a6e11-5363-411a-b235-3312dc611ead}</UniqueIdentifier>
    </Filter>
    <Filter Include="Source Files\UI">
      <UniqueIdentifier>{2c092465-a33a-4408-a63c-9435b9584b8e}</UniqueIdentifier>
    </Filter>
  </ItemGroup>
  <ItemGroup>
    <ClInclude Include="src\movementHelpers.h">
      <Filter>Source Files\Platforming\Movement</Filter>
    </ClInclude>
    <ClInclude Include="src\movementManager.h">
      <Filter>Source Files\Platforming\Movement</Filter>
    </ClInclude>
    <ClInclude Include="src\movementStanding.h">
      <Filter>Source Files\Platforming\Movement</Filter>
    </ClInclude>
    <ClInclude Include="src\movementWalk.h">
      <Filter>Source Files\Platforming\Movement</Filter>
    </ClInclude>
    <ClInclude Include="src\movementJump.h">
      <Filter>Source Files\Platforming\Movement</Filter>
    </ClInclude>
    <ClInclude Include="src\movementFalling.h">
      <Filter>Source Files\Platforming\Movement</Filter>
    </ClInclude>
    <ClInclude Include="src\movementFly.h">
      <Filter>Source Files\Platforming\Movement</Filter>
    </ClInclude>
    <ClInclude Include="src\combatManager.h">
      <Filter>Source Files\MiniGame</Filter>
    </ClInclude>
    <ClInclude Include="src\combatHelpers.h">
      <Filter>Source Files\MiniGame</Filter>
    </ClInclude>
    <ClInclude Include="src\miniGameLevel.h">
      <Filter>Source Files\MiniGame</Filter>
    </ClInclude>
    <ClInclude Include="src\grid.h">
      <Filter>Source Files\MiniGame</Filter>
    </ClInclude>
    <ClInclude Include="src\collectible.h">
      <Filter>Source Files\Platforming\PlatformingEntities</Filter>
    </ClInclude>
    <ClInclude Include="src\enemy.h">
      <Filter>Source Files\Platforming\PlatformingEntities</Filter>
    </ClInclude>
    <ClInclude Include="src\entity.h">
      <Filter>Source Files\Platforming\PlatformingEntities</Filter>
    </ClInclude>
    <ClInclude Include="src\platform.h">
      <Filter>Source Files\Platforming\PlatformingEntities</Filter>
    </ClInclude>
    <ClInclude Include="src\player.h">
      <Filter>Source Files\Platforming\PlatformingEntities</Filter>
    </ClInclude>
    <ClInclude Include="src\projectile.h">
      <Filter>Source Files\Platforming\PlatformingEntities</Filter>
    </ClInclude>
    <ClInclude Include="src\collisionManager.h">
      <Filter>Source Files\Platforming</Filter>
    </ClInclude>
    <ClInclude Include="src\damageManager.h">
      <Filter>Source Files\Platforming</Filter>
    </ClInclude>
    <ClInclude Include="src\entityQuadTree.h">
      <Filter>Source Files\Platforming</Filter>
    </ClInclude>
    <ClInclude Include="src\miniGameWorldData.h">
      <Filter>Source Files\MiniGame</Filter>
    </ClInclude>
    <ClInclude Include="src\slashManager.h">
      <Filter>Source Files\Platforming</Filter>
    </ClInclude>
    <ClInclude Include="src\worldData.h">
      <Filter>Source Files\Platforming</Filter>
    </ClInclude>
    <ClInclude Include="src\gameInstance.h">
      <Filter>Source Files\Structural</Filter>
    </ClInclude>
    <ClInclude Include="src\gameStateManager.h">
      <Filter>Source Files\Structural</Filter>
    </ClInclude>
    <ClInclude Include="src\gameStateHelpers.h">
      <Filter>Source Files\Structural</Filter>
    </ClInclude>
    <ClInclude Include="src\helpers.h">
      <Filter>Source Files\Structural</Filter>
    </ClInclude>
    <ClInclude Include="src\hitbox.h">
      <Filter>Source Files\Structural</Filter>
    </ClInclude>
    <ClInclude Include="src\image.h">
      <Filter>Source Files\Structural</Filter>
    </ClInclude>
    <ClInclude Include="src\ImageHelpers.h">
      <Filter>Source Files\Structural</Filter>
    </ClInclude>
    <ClInclude Include="src\settingsManager.h">
      <Filter>Source Files\Structural</Filter>
    </ClInclude>
    <ClInclude Include="src\styleManager.h">
      <Filter>Source Files\Structural</Filter>
    </ClInclude>
    <ClInclude Include="src\world.h">
      <Filter>Source Files\Platforming</Filter>
    </ClInclude>
    <ClInclude Include="src\combatAttack.h">
      <Filter>Source Files\MiniGame\Attack</Filter>
    </ClInclude>
    <ClInclude Include="src\combatAttackHelpers.h">
      <Filter>Source Files\MiniGame\Attack</Filter>
    </ClInclude>
    <ClInclude Include="src\combatCharacter.h">
      <Filter>Source Files\MiniGame\Character</Filter>
    </ClInclude>
    <ClInclude Include="src\combatCharacterPresets.h">
      <Filter>Source Files\MiniGame\Character</Filter>
    </ClInclude>
    <ClInclude Include="src\combatMovementManager.h">
      <Filter>Source Files\MiniGame\Character</Filter>
    </ClInclude>
    <ClInclude Include="src\tileCoords.h">
      <Filter>Source Files\MiniGame\Tile</Filter>
    </ClInclude>
    <ClInclude Include="src\tile.h">
      <Filter>Source Files\MiniGame\Tile</Filter>
    </ClInclude>
    <ClInclude Include="src\tileHelpers.h">
      <Filter>Source Files\MiniGame\Tile</Filter>
    </ClInclude>
    <ClInclude Include="src\tilePresets.h">
      <Filter>Source Files\MiniGame\Tile</Filter>
    </ClInclude>
    <ClInclude Include="src\projectilePresets.h">
      <Filter>Source Files\Platforming\PlatformingEntities</Filter>
    </ClInclude>
    <ClInclude Include="src\collectiblePresets.h">
      <Filter>Source Files\Platforming\PlatformingEntities</Filter>
    </ClInclude>
    <ClInclude Include="src\enemyPresets.h">
      <Filter>Source Files\Platforming\PlatformingEntities</Filter>
    </ClInclude>
    <ClInclude Include="src\entityPresets.h">
      <Filter>Source Files\Platforming\PlatformingEntities</Filter>
    </ClInclude>
    <ClInclude Include="src\platformPresets.h">
      <Filter>Source Files\Platforming\PlatformingEntities</Filter>
    </ClInclude>
    <ClInclude Include="src\playerPreset.h">
      <Filter>Source Files\Platforming\PlatformingEntities</Filter>
    </ClInclude>
    <ClInclude Include="src\worldHelpers.h">
      <Filter>Source Files\Platforming</Filter>
    </ClInclude>
    <ClInclude Include="src\lotusAdventureLevelsDemo.h">
      <Filter>Source Files</Filter>
    </ClInclude>
    <ClInclude Include="src\lotusAdventureLevels.h">
      <Filter>Source Files</Filter>
    </ClInclude>
    <ClInclude Include="src\movementStationary.h">
      <Filter>Source Files\Platforming\Movement</Filter>
    </ClInclude>
    <ClInclude Include="src\lotusAdventureMenus.h">
      <Filter>Source Files</Filter>
    </ClInclude>
    <ClInclude Include="src\menuManager.h">
      <Filter>Source Files\UI</Filter>
    </ClInclude>
    <ClInclude Include="src\menuHelpers.h">
      <Filter>Source Files\UI</Filter>
    </ClInclude>
    <ClInclude Include="src\screen.h">
      <Filter>Source Files\UI</Filter>
    </ClInclude>
    <ClInclude Include="src\uiBox.h">
      <Filter>Source Files\UI</Filter>
    </ClInclude>
    <ClInclude Include="src\uiBoxHelpers.h">
      <Filter>Source Files\UI</Filter>
    </ClInclude>
    <ClInclude Include="src\uiBoxPresets.h">
      <Filter>Source Files\UI</Filter>
    </ClInclude>
    <ClInclude Include="src\UIBlock.h">
      <Filter>Source Files\UI</Filter>
    </ClInclude>
    <ClInclude Include="src\miniGameState.h">
      <Filter>Source Files\MiniGame</Filter>
    </ClInclude>
    <ClInclude Include="src\globals.h">
      <Filter>Source Files</Filter>
    </ClInclude>
    <ClInclude Include="src\miniGameStateHelpers.h">
      <Filter>Source Files\MiniGame</Filter>
    </ClInclude>
    <ClInclude Include="src\animationManager.h">
      <Filter>Source Files\Structural</Filter>
    </ClInclude>
    <ClInclude Include="src\levelEffects.h">
      <Filter>Source Files\Platforming\PlatformingEntities</Filter>
    </ClInclude>
    <ClInclude Include="src\combatAttackPresets.h">
      <Filter>Source Files\MiniGame\Attack</Filter>
    </ClInclude>
    <ClInclude Include="src\menuPage.h">
      <Filter>Source Files\UI</Filter>
    </ClInclude>
    <ClInclude Include="src\miniGameStateManager.h">
      <Filter>Source Files\MiniGame</Filter>
    </ClInclude>
    <ClInclude Include="src\gameState.h">
      <Filter>Source Files\Structural</Filter>
    </ClInclude>
  </ItemGroup>
  <ItemGroup>
    <ClCompile Include="src\movementManager.cpp">
      <Filter>Source Files\Platforming\Movement</Filter>
    </ClCompile>
    <ClCompile Include="src\movementFalling.cpp">
      <Filter>Source Files\Platforming\Movement</Filter>
    </ClCompile>
    <ClCompile Include="src\movementJump.cpp">
      <Filter>Source Files\Platforming\Movement</Filter>
    </ClCompile>
    <ClCompile Include="src\movementStanding.cpp">
      <Filter>Source Files\Platforming\Movement</Filter>
    </ClCompile>
    <ClCompile Include="src\movementWalk.cpp">
      <Filter>Source Files\Platforming\Movement</Filter>
    </ClCompile>
    <ClCompile Include="src\movementFly.cpp">
      <Filter>Source Files\Platforming\Movement</Filter>
    </ClCompile>
    <ClCompile Include="src\combatHelpers.cpp">
      <Filter>Source Files\MiniGame</Filter>
    </ClCompile>
    <ClCompile Include="src\collisionManager.cpp">
      <Filter>Source Files\Platforming</Filter>
    </ClCompile>
    <ClCompile Include="src\entityQuadTree.cpp">
      <Filter>Source Files\Platforming</Filter>
    </ClCompile>
    <ClCompile Include="src\worldData.cpp">
      <Filter>Source Files\Platforming</Filter>
    </ClCompile>
    <ClCompile Include="src\gameInstance.cpp">
      <Filter>Source Files\Structural</Filter>
    </ClCompile>
    <ClCompile Include="src\gameStateManager.cpp">
      <Filter>Source Files\Structural</Filter>
    </ClCompile>
    <ClCompile Include="src\helpers.cpp">
      <Filter>Source Files\Structural</Filter>
    </ClCompile>
    <ClCompile Include="src\hitbox.cpp">
      <Filter>Source Files\Structural</Filter>
    </ClCompile>
    <ClCompile Include="src\Image.cpp">
      <Filter>Source Files\Structural</Filter>
    </ClCompile>
    <ClCompile Include="src\ImageHelpers.cpp">
      <Filter>Source Files\Structural</Filter>
    </ClCompile>
    <ClCompile Include="src\styleManager.cpp">
      <Filter>Source Files\Structural</Filter>
    </ClCompile>
    <ClCompile Include="src\world.cpp">
      <Filter>Source Files\Platforming</Filter>
    </ClCompile>
    <ClCompile Include="src\combatAttackHelpers.cpp">
      <Filter>Source Files\MiniGame\Attack</Filter>
    </ClCompile>
    <ClCompile Include="src\combatCharacter.cpp">
      <Filter>Source Files\MiniGame\Character</Filter>
    </ClCompile>
    <ClCompile Include="src\combatCharacterPresets.cpp">
      <Filter>Source Files\MiniGame\Character</Filter>
    </ClCompile>
    <ClCompile Include="src\combatManager.cpp">
      <Filter>Source Files\MiniGame</Filter>
    </ClCompile>
    <ClCompile Include="src\grid.cpp">
      <Filter>Source Files\MiniGame</Filter>
    </ClCompile>
    <ClCompile Include="src\miniGameLevel.cpp">
      <Filter>Source Files\MiniGame</Filter>
    </ClCompile>
    <ClCompile Include="src\combatMovementManager.cpp">
      <Filter>Source Files\MiniGame\Character</Filter>
    </ClCompile>
    <ClCompile Include="src\miniGameWorldData.cpp">
      <Filter>Source Files\MiniGame</Filter>
    </ClCompile>
    <ClCompile Include="src\tileCoords.cpp">
      <Filter>Source Files\MiniGame\Tile</Filter>
    </ClCompile>
    <ClCompile Include="src\tile.cpp">
      <Filter>Source Files\MiniGame\Tile</Filter>
    </ClCompile>
    <ClCompile Include="src\tileHelpers.cpp">
      <Filter>Source Files\MiniGame\Tile</Filter>
    </ClCompile>
    <ClCompile Include="src\tilePresets.cpp">
      <Filter>Source Files\MiniGame\Tile</Filter>
    </ClCompile>
    <ClCompile Include="src\settingsManager.cpp">
      <Filter>Source Files\Structural</Filter>
    </ClCompile>
    <ClCompile Include="src\worldHelpers.cpp">
      <Filter>Source Files\Platforming</Filter>
    </ClCompile>
    <ClCompile Include="src\damageManager.cpp">
      <Filter>Source Files\Platforming</Filter>
    </ClCompile>
    <ClCompile Include="src\slashManager.cpp">
      <Filter>Source Files\Platforming</Filter>
    </ClCompile>
    <ClCompile Include="src\collectible.cpp">
      <Filter>Source Files\Platforming\PlatformingEntities</Filter>
    </ClCompile>
    <ClCompile Include="src\collectiblePreset.cpp">
      <Filter>Source Files\Platforming\PlatformingEntities</Filter>
    </ClCompile>
    <ClCompile Include="src\enemy.cpp">
      <Filter>Source Files\Platforming\PlatformingEntities</Filter>
    </ClCompile>
    <ClCompile Include="src\enemyPresets.cpp">
      <Filter>Source Files\Platforming\PlatformingEntities</Filter>
    </ClCompile>
    <ClCompile Include="src\entity.cpp">
      <Filter>Source Files\Platforming\PlatformingEntities</Filter>
    </ClCompile>
    <ClCompile Include="src\platform.cpp">
      <Filter>Source Files\Platforming\PlatformingEntities</Filter>
    </ClCompile>
    <ClCompile Include="src\platformPresets.cpp">
      <Filter>Source Files\Platforming\PlatformingEntities</Filter>
    </ClCompile>
    <ClCompile Include="src\player.cpp">
      <Filter>Source Files\Platforming\PlatformingEntities</Filter>
    </ClCompile>
    <ClCompile Include="src\playerPreset.cpp">
      <Filter>Source Files\Platforming\PlatformingEntities</Filter>
    </ClCompile>
    <ClCompile Include="src\projectile.cpp">
      <Filter>Source Files\Platforming\PlatformingEntities</Filter>
    </ClCompile>
    <ClCompile Include="src\projectilePresets.cpp">
      <Filter>Source Files\Platforming\PlatformingEntities</Filter>
    </ClCompile>
    <ClCompile Include="src\lotusAdventureLevelsDemo.cpp">
      <Filter>Source Files</Filter>
    </ClCompile>
    <ClCompile Include="src\main.cpp">
      <Filter>Source Files</Filter>
    </ClCompile>
    <ClCompile Include="src\lotusAdventureLevels.cpp">
      <Filter>Source Files</Filter>
    </ClCompile>
    <ClCompile Include="src\movementHelpers.cpp">
      <Filter>Source Files\Platforming\Movement</Filter>
    </ClCompile>
    <ClCompile Include="src\movementStationary.cpp">
      <Filter>Source Files\Platforming\Movement</Filter>
    </ClCompile>
    <ClCompile Include="src\lotusAdventureMenus.cpp">
      <Filter>Source Files</Filter>
    </ClCompile>
    <ClCompile Include="src\menuManager.cpp">
      <Filter>Source Files\UI</Filter>
    </ClCompile>
    <ClCompile Include="src\menuHelpers.cpp">
      <Filter>Source Files\UI</Filter>
    </ClCompile>
    <ClCompile Include="src\screen.cpp">
      <Filter>Source Files\UI</Filter>
    </ClCompile>
    <ClCompile Include="src\uiBox.cpp">
      <Filter>Source Files\UI</Filter>
    </ClCompile>
    <ClCompile Include="src\uiBoxHelpers.cpp">
      <Filter>Source Files\UI</Filter>
    </ClCompile>
    <ClCompile Include="src\uiBoxPresets.cpp">
      <Filter>Source Files\UI</Filter>
    </ClCompile>
    <ClCompile Include="src\UIBlock.cpp">
      <Filter>Source Files\UI</Filter>
    </ClCompile>
    <ClCompile Include="src\miniGameState.cpp">
      <Filter>Source Files\MiniGame</Filter>
    </ClCompile>
    <ClCompile Include="src\miniGameStateHelpers.cpp">
      <Filter>Source Files\MiniGame</Filter>
    </ClCompile>
    <ClCompile Include="src\animationManager.cpp">
      <Filter>Source Files\Structural</Filter>
    </ClCompile>
    <ClCompile Include="src\levelEffects.cpp">
      <Filter>Source Files\Platforming\PlatformingEntities</Filter>
    </ClCompile>
    <ClCompile Include="src\combatAttackPresets.cpp">
      <Filter>Source Files\MiniGame\Attack</Filter>
    </ClCompile>
    <ClCompile Include="src\combatAttack.cpp">
      <Filter>Source Files\MiniGame\Attack</Filter>
    </ClCompile>
    <ClCompile Include="src\menuPage.cpp">
      <Filter>Source Files\UI</Filter>
    </ClCompile>
    <ClCompile Include="src\miniGameStateManager.cpp">
      <Filter>Source Files\MiniGame</Filter>
    </ClCompile>
    <ClCompile Include="src\gameState.cpp">
      <Filter>Source Files\Structural</Filter>
    </ClCompile>
  </ItemGroup>
</Project>