
Microsoft Visual Studio Solution File, Format Version 12.00
# Visual Studio Version 17
VisualStudioVersion = 17.6.33801.468
MinimumVisualStudioVersion = 10.0.40219.1
Project("{8BC9CEB8-8B4A-11D0-8D11-00A0C91BC942}") = "LotusAdventureC", "LotusAdventureC.vcxproj", "{65FBFFD0-F2DD-47A4-A7C5-1078171740CC}"
	ProjectSection(ProjectDependencies) = postProject
		{81CE8DAF-EBB2-4761-8E45-B71ABCCA8C68} = {81CE8DAF-EBB2-4761-8E45-B71ABCCA8C68}
		{DDDBD07D-DC76-4AF6-8D02-3E2DEB6EE255} = {DDDBD07D-DC76-4AF6-8D02-3E2DEB6EE255}
	EndProjectSection
EndProject
Project("{8BC9CEB8-8B4A-11D0-8D11-00A0C91BC942}") = "SDL3", "SDKs\SDL\VisualC\SDL\SDL.vcxproj", "{81CE8DAF-EBB2-4761-8E45-B71ABCCA8C68}"
EndProject
Project("{8BC9CEB8-8B4A-11D0-8D11-00A0C91BC942}") = "SDL3_ttf", "SDKs\SDL_ttf\VisualC\SDL_ttf.vcxproj", "{DDDBD07D-DC76-4AF6-8D02-3E2DEB6EE255}"
	ProjectSection(ProjectDependencies) = postProject
		{81CE8DAF-EBB2-4761-8E45-B71ABCCA8C68} = {81CE8DAF-EBB2-4761-8E45-B71ABCCA8C68}
	EndProjectSection
EndProject
Global
	GlobalSection(SolutionConfigurationPlatforms) = preSolution
		Debug|x64 = Debug|x64
		Debug|x86 = Debug|x86
		Release|x64 = Release|x64
		Release|x86 = Release|x86
	EndGlobalSection
	GlobalSection(ProjectConfigurationPlatforms) = postSolution
		{65FBFFD0-F2DD-47A4-A7C5-1078171740CC}.Debug|x64.ActiveCfg = Debug|x64
		{65FBFFD0-F2DD-47A4-A7C5-1078171740CC}.Debug|x64.Build.0 = Debug|x64
		{65FBFFD0-F2DD-47A4-A7C5-1078171740CC}.Debug|x86.ActiveCfg = Debug|Win32
		{65FBFFD0-F2DD-47A4-A7C5-1078171740CC}.Debug|x86.Build.0 = Debug|Win32
		{65FBFFD0-F2DD-47A4-A7C5-1078171740CC}.Release|x64.ActiveCfg = Release|x64
		{65FBFFD0-F2DD-47A4-A7C5-1078171740CC}.Release|x64.Build.0 = Release|x64
		{65FBFFD0-F2DD-47A4-A7C5-1078171740CC}.Release|x86.ActiveCfg = Release|Win32
		{65FBFFD0-F2DD-47A4-A7C5-1078171740CC}.Release|x86.Build.0 = Release|Win32
		{81CE8DAF-EBB2-4761-8E45-B71ABCCA8C68}.Debug|x64.ActiveCfg = Debug|x64
		{81CE8DAF-EBB2-4761-8E45-B71ABCCA8C68}.Debug|x64.Build.0 = Debug|x64
		{81CE8DAF-EBB2-4761-8E45-B71ABCCA8C68}.Debug|x86.ActiveCfg = Debug|Win32
		{81CE8DAF-EBB2-4761-8E45-B71ABCCA8C68}.Debug|x86.Build.0 = Debug|Win32
		{81CE8DAF-EBB2-4761-8E45-B71ABCCA8C68}.Release|x64.ActiveCfg = Release|x64
		{81CE8DAF-EBB2-4761-8E45-B71ABCCA8C68}.Release|x64.Build.0 = Release|x64
		{81CE8DAF-EBB2-4761-8E45-B71ABCCA8C68}.Release|x86.ActiveCfg = Release|Win32
		{81CE8DAF-EBB2-4761-8E45-B71ABCCA8C68}.Release|x86.Build.0 = Release|Win32
		{DDDBD07D-DC76-4AF6-8D02-3E2DEB6EE255}.Debug|x64.ActiveCfg = Debug|x64
		{DDDBD07D-DC76-4AF6-8D02-3E2DEB6EE255}.Debug|x64.Build.0 = Debug|x64
		{DDDBD07D-DC76-4AF6-8D02-3E2DEB6EE255}.Debug|x86.ActiveCfg = Debug|Win32
		{DDDBD07D-DC76-4AF6-8D02-3E2DEB6EE255}.Debug|x86.Build.0 = Debug|Win32
		{DDDBD07D-DC76-4AF6-8D02-3E2DEB6EE255}.Release|x64.ActiveCfg = Release|x64
		{DDDBD07D-DC76-4AF6-8D02-3E2DEB6EE255}.Release|x64.Build.0 = Release|x64
		{DDDBD07D-DC76-4AF6-8D02-3E2DEB6EE255}.Release|x86.ActiveCfg = Release|Win32
		{DDDBD07D-DC76-4AF6-8D02-3E2DEB6EE255}.Release|x86.Build.0 = Release|Win32
	EndGlobalSection
	GlobalSection(SolutionProperties) = preSolution
		HideSolutionNode = FALSE
	EndGlobalSection
	GlobalSection(ExtensibilityGlobals) = postSolution
		SolutionGuid = {E3F019D3-3653-46A6-A598-ADB33A46D41D}
	EndGlobalSection
EndGlobal
